// !$*UTF8*$!
{
	archiveVersion = 1;
	classes = {
	};
	objectVersion = 50;
	objects = {

/* Begin PBXBuildFile section */
		7E27800120E152D70071531C /* AppDelegate.swift in Sources */ = {isa = PBXBuildFile; fileRef = 7E27800020E152D70071531C /* AppDelegate.swift */; };
		7E27800320E152D70071531C /* ViewController.swift in Sources */ = {isa = PBXBuildFile; fileRef = 7E27800220E152D70071531C /* ViewController.swift */; };
		7E27800620E152D70071531C /* Main.storyboard in Resources */ = {isa = PBXBuildFile; fileRef = 7E27800420E152D70071531C /* Main.storyboard */; };
		7E27800820E152D80071531C /* Assets.xcassets in Resources */ = {isa = PBXBuildFile; fileRef = 7E27800720E152D80071531C /* Assets.xcassets */; };
		7E27800B20E152D80071531C /* LaunchScreen.storyboard in Resources */ = {isa = PBXBuildFile; fileRef = 7E27800920E152D80071531C /* LaunchScreen.storyboard */; };
		7E27801620E152D80071531C /* BrainTest.swift in Sources */ = {isa = PBXBuildFile; fileRef = 7E27801520E152D80071531C /* BrainTest.swift */; };
		7E27802120E152D90071531C /* FizzBuzzUITests.swift in Sources */ = {isa = PBXBuildFile; fileRef = 7E27802020E152D90071531C /* FizzBuzzUITests.swift */; };
		7E27802F20E153440071531C /* Brain.swift in Sources */ = {isa = PBXBuildFile; fileRef = 7E27802E20E153440071531C /* Brain.swift */; };
/* End PBXBuildFile section */

/* Begin PBXContainerItemProxy section */
		7E27801220E152D80071531C /* PBXContainerItemProxy */ = {
			isa = PBXContainerItemProxy;
			containerPortal = 7E277FF520E152D70071531C /* Project object */;
			proxyType = 1;
			remoteGlobalIDString = 7E277FFC20E152D70071531C;
			remoteInfo = FizzBuzz;
		};
		7E27801D20E152D90071531C /* PBXContainerItemProxy */ = {
			isa = PBXContainerItemProxy;
			containerPortal = 7E277FF520E152D70071531C /* Project object */;
			proxyType = 1;
			remoteGlobalIDString = 7E277FFC20E152D70071531C;
			remoteInfo = FizzBuzz;
		};
/* End PBXContainerItemProxy section */

/* Begin PBXFileReference section */
		7E277FFD20E152D70071531C /* FizzBuzz.app */ = {isa = PBXFileReference; explicitFileType = wrapper.application; includeInIndex = 0; path = FizzBuzz.app; sourceTree = BUILT_PRODUCTS_DIR; };
		7E27800020E152D70071531C /* AppDelegate.swift */ = {isa = PBXFileReference; lastKnownFileType = sourcecode.swift; path = AppDelegate.swift; sourceTree = "<group>"; };
		7E27800220E152D70071531C /* ViewController.swift */ = {isa = PBXFileReference; lastKnownFileType = sourcecode.swift; path = ViewController.swift; sourceTree = "<group>"; };
		7E27800520E152D70071531C /* Base */ = {isa = PBXFileReference; lastKnownFileType = file.storyboard; name = Base; path = Base.lproj/Main.storyboard; sourceTree = "<group>"; };
		7E27800720E152D80071531C /* Assets.xcassets */ = {isa = PBXFileReference; lastKnownFileType = folder.assetcatalog; path = Assets.xcassets; sourceTree = "<group>"; };
		7E27800A20E152D80071531C /* Base */ = {isa = PBXFileReference; lastKnownFileType = file.storyboard; name = Base; path = Base.lproj/LaunchScreen.storyboard; sourceTree = "<group>"; };
		7E27800C20E152D80071531C /* Info.plist */ = {isa = PBXFileReference; lastKnownFileType = text.plist.xml; path = Info.plist; sourceTree = "<group>"; };
		7E27801120E152D80071531C /* FizzBuzzTests.xctest */ = {isa = PBXFileReference; explicitFileType = wrapper.cfbundle; includeInIndex = 0; path = FizzBuzzTests.xctest; sourceTree = BUILT_PRODUCTS_DIR; };
		7E27801520E152D80071531C /* BrainTest.swift */ = {isa = PBXFileReference; lastKnownFileType = sourcecode.swift; path = BrainTest.swift; sourceTree = "<group>"; };
		7E27801720E152D80071531C /* Info.plist */ = {isa = PBXFileReference; lastKnownFileType = text.plist.xml; path = Info.plist; sourceTree = "<group>"; };
		7E27801C20E152D80071531C /* FizzBuzzUITests.xctest */ = {isa = PBXFileReference; explicitFileType = wrapper.cfbundle; includeInIndex = 0; path = FizzBuzzUITests.xctest; sourceTree = BUILT_PRODUCTS_DIR; };
		7E27802020E152D90071531C /* FizzBuzzUITests.swift */ = {isa = PBXFileReference; lastKnownFileType = sourcecode.swift; path = FizzBuzzUITests.swift; sourceTree = "<group>"; };
		7E27802220E152D90071531C /* Info.plist */ = {isa = PBXFileReference; lastKnownFileType = text.plist.xml; path = Info.plist; sourceTree = "<group>"; };
		7E27802E20E153440071531C /* Brain.swift */ = {isa = PBXFileReference; lastKnownFileType = sourcecode.swift; path = Brain.swift; sourceTree = "<group>"; };
/* End PBXFileReference section */

/* Begin PBXFrameworksBuildPhase section */
		7E277FFA20E152D70071531C /* Frameworks */ = {
			isa = PBXFrameworksBuildPhase;
			buildActionMask = 2147483647;
			files = (
			);
			runOnlyForDeploymentPostprocessing = 0;
		};
		7E27800E20E152D80071531C /* Frameworks */ = {
			isa = PBXFrameworksBuildPhase;
			buildActionMask = 2147483647;
			files = (
			);
			runOnlyForDeploymentPostprocessing = 0;
		};
		7E27801920E152D80071531C /* Frameworks */ = {
			isa = PBXFrameworksBuildPhase;
			buildActionMask = 2147483647;
			files = (
			);
			runOnlyForDeploymentPostprocessing = 0;
		};
/* End PBXFrameworksBuildPhase section */

/* Begin PBXGroup section */
		7E277FF420E152D70071531C = {
			isa = PBXGroup;
			children = (
				7E277FFF20E152D70071531C /* FizzBuzz */,
				7E27801420E152D80071531C /* FizzBuzzTests */,
				7E27801F20E152D90071531C /* FizzBuzzUITests */,
				7E277FFE20E152D70071531C /* Products */,
			);
			sourceTree = "<group>";
		};
		7E277FFE20E152D70071531C /* Products */ = {
			isa = PBXGroup;
			children = (
				7E277FFD20E152D70071531C /* FizzBuzz.app */,
				7E27801120E152D80071531C /* FizzBuzzTests.xctest */,
				7E27801C20E152D80071531C /* FizzBuzzUITests.xctest */,
			);
			name = Products;
			sourceTree = "<group>";
		};
		7E277FFF20E152D70071531C /* FizzBuzz */ = {
			isa = PBXGroup;
			children = (
				7E27800020E152D70071531C /* AppDelegate.swift */,
				7E27800220E152D70071531C /* ViewController.swift */,
				7E27800420E152D70071531C /* Main.storyboard */,
				7E27800720E152D80071531C /* Assets.xcassets */,
				7E27800920E152D80071531C /* LaunchScreen.storyboard */,
				7E27800C20E152D80071531C /* Info.plist */,
				7E27802E20E153440071531C /* Brain.swift */,
			);
			path = FizzBuzz;
			sourceTree = "<group>";
		};
		7E27801420E152D80071531C /* FizzBuzzTests */ = {
			isa = PBXGroup;
			children = (
				7E27801520E152D80071531C /* BrainTest.swift */,
				7E27801720E152D80071531C /* Info.plist */,
			);
			path = FizzBuzzTests;
			sourceTree = "<group>";
		};
		7E27801F20E152D90071531C /* FizzBuzzUITests */ = {
			isa = PBXGroup;
			children = (
				7E27802020E152D90071531C /* FizzBuzzUITests.swift */,
				7E27802220E152D90071531C /* Info.plist */,
			);
			path = FizzBuzzUITests;
			sourceTree = "<group>";
		};
/* End PBXGroup section */

/* Begin PBXNativeTarget section */
		7E277FFC20E152D70071531C /* FizzBuzz */ = {
			isa = PBXNativeTarget;
			buildConfigurationList = 7E27802520E152D90071531C /* Build configuration list for PBXNativeTarget "FizzBuzz" */;
			buildPhases = (
				7E277FF920E152D70071531C /* Sources */,
				7E277FFA20E152D70071531C /* Frameworks */,
				7E277FFB20E152D70071531C /* Resources */,
			);
			buildRules = (
			);
			dependencies = (
			);
			name = FizzBuzz;
			productName = FizzBuzz;
			productReference = 7E277FFD20E152D70071531C /* FizzBuzz.app */;
			productType = "com.apple.product-type.application";
		};
		7E27801020E152D80071531C /* FizzBuzzTests */ = {
			isa = PBXNativeTarget;
			buildConfigurationList = 7E27802820E152D90071531C /* Build configuration list for PBXNativeTarget "FizzBuzzTests" */;
			buildPhases = (
				7E27800D20E152D80071531C /* Sources */,
				7E27800E20E152D80071531C /* Frameworks */,
				7E27800F20E152D80071531C /* Resources */,
			);
			buildRules = (
			);
			dependencies = (
				7E27801320E152D80071531C /* PBXTargetDependency */,
			);
			name = FizzBuzzTests;
			productName = FizzBuzzTests;
			productReference = 7E27801120E152D80071531C /* FizzBuzzTests.xctest */;
			productType = "com.apple.product-type.bundle.unit-test";
		};
		7E27801B20E152D80071531C /* FizzBuzzUITests */ = {
			isa = PBXNativeTarget;
			buildConfigurationList = 7E27802B20E152D90071531C /* Build configuration list for PBXNativeTarget "FizzBuzzUITests" */;
			buildPhases = (
				7E27801820E152D80071531C /* Sources */,
				7E27801920E152D80071531C /* Frameworks */,
				7E27801A20E152D80071531C /* Resources */,
			);
			buildRules = (
			);
			dependencies = (
				7E27801E20E152D90071531C /* PBXTargetDependency */,
			);
			name = FizzBuzzUITests;
			productName = FizzBuzzUITests;
			productReference = 7E27801C20E152D80071531C /* FizzBuzzUITests.xctest */;
			productType = "com.apple.product-type.bundle.ui-testing";
		};
/* End PBXNativeTarget section */

/* Begin PBXProject section */
		7E277FF520E152D70071531C /* Project object */ = {
			isa = PBXProject;
			attributes = {
				LastSwiftUpdateCheck = 0940;
				LastUpgradeCheck = 0940;
				ORGANIZATIONNAME = "Muzzi Aldean";
				TargetAttributes = {
					7E277FFC20E152D70071531C = {
						CreatedOnToolsVersion = 9.4.1;
					};
					7E27801020E152D80071531C = {
						CreatedOnToolsVersion = 9.4.1;
						TestTargetID = 7E277FFC20E152D70071531C;
					};
					7E27801B20E152D80071531C = {
						CreatedOnToolsVersion = 9.4.1;
						TestTargetID = 7E277FFC20E152D70071531C;
					};
				};
			};
			buildConfigurationList = 7E277FF820E152D70071531C /* Build configuration list for PBXProject "FizzBuzz" */;
			compatibilityVersion = "Xcode 9.3";
			developmentRegion = en;
			hasScannedForEncodings = 0;
			knownRegions = (
				en,
				Base,
			);
			mainGroup = 7E277FF420E152D70071531C;
			productRefGroup = 7E277FFE20E152D70071531C /* Products */;
			projectDirPath = "";
			projectRoot = "";
			targets = (
				7E277FFC20E152D70071531C /* FizzBuzz */,
				7E27801020E152D80071531C /* FizzBuzzTests */,
				7E27801B20E152D80071531C /* FizzBuzzUITests */,
			);
		};
/* End PBXProject section */

/* Begin PBXResourcesBuildPhase section */
		7E277FFB20E152D70071531C /* Resources */ = {
			isa = PBXResourcesBuildPhase;
			buildActionMask = 2147483647;
			files = (
				7E27800B20E152D80071531C /* LaunchScreen.storyboard in Resources */,
				7E27800820E152D80071531C /* Assets.xcassets in Resources */,
				7E27800620E152D70071531C /* Main.storyboard in Resources */,
			);
			runOnlyForDeploymentPostprocessing = 0;
		};
		7E27800F20E152D80071531C /* Resources */ = {
			isa = PBXResourcesBuildPhase;
			buildActionMask = 2147483647;
			files = (
			);
			runOnlyForDeploymentPostprocessing = 0;
		};
		7E27801A20E152D80071531C /* Resources */ = {
			isa = PBXResourcesBuildPhase;
			buildActionMask = 2147483647;
			files = (
			);
			runOnlyForDeploymentPostprocessing = 0;
		};
/* End PBXResourcesBuildPhase section */

/* Begin PBXSourcesBuildPhase section */
		7E277FF920E152D70071531C /* Sources */ = {
			isa = PBXSourcesBuildPhase;
			buildActionMask = 2147483647;
			files = (
				7E27800320E152D70071531C /* ViewController.swift in Sources */,
				7E27802F20E153440071531C /* Brain.swift in Sources */,
				7E27800120E152D70071531C /* AppDelegate.swift in Sources */,
			);
			runOnlyForDeploymentPostprocessing = 0;
		};
		7E27800D20E152D80071531C /* Sources */ = {
			isa = PBXSourcesBuildPhase;
			buildActionMask = 2147483647;
			files = (
				7E27801620E152D80071531C /* BrainTest.swift in Sources */,
			);
			runOnlyForDeploymentPostprocessing = 0;
		};
		7E27801820E152D80071531C /* Sources */ = {
			isa = PBXSourcesBuildPhase;
			buildActionMask = 2147483647;
			files = (
				7E27802120E152D90071531C /* FizzBuzzUITests.swift in Sources */,
			);
			runOnlyForDeploymentPostprocessing = 0;
		};
/* End PBXSourcesBuildPhase section */

/* Begin PBXTargetDependency section */
		7E27801320E152D80071531C /* PBXTargetDependency */ = {
			isa = PBXTargetDependency;
			target = 7E277FFC20E152D70071531C /* FizzBuzz */;
			targetProxy = 7E27801220E152D80071531C /* PBXContainerItemProxy */;
		};
		7E27801E20E152D90071531C /* PBXTargetDependency */ = {
			isa = PBXTargetDependency;
			target = 7E277FFC20E152D70071531C /* FizzBuzz */;
			targetProxy = 7E27801D20E152D90071531C /* PBXContainerItemProxy */;
		};
/* End PBXTargetDependency section */

/* Begin PBXVariantGroup section */
		7E27800420E152D70071531C /* Main.storyboard */ = {
			isa = PBXVariantGroup;
			children = (
				7E27800520E152D70071531C /* Base */,
			);
			name = Main.storyboard;
			sourceTree = "<group>";
		};
		7E27800920E152D80071531C /* LaunchScreen.storyboard */ = {
			isa = PBXVariantGroup;
			children = (
				7E27800A20E152D80071531C /* Base */,
			);
			name = LaunchScreen.storyboard;
			sourceTree = "<group>";
		};
/* End PBXVariantGroup section */

/* Begin XCBuildConfiguration section */
		7E27802320E152D90071531C /* Debug */ = {
			isa = XCBuildConfiguration;
			buildSettings = {
				ALWAYS_SEARCH_USER_PATHS = NO;
				CLANG_ANALYZER_NONNULL = YES;
				CLANG_ANALYZER_NUMBER_OBJECT_CONVERSION = YES_AGGRESSIVE;
				CLANG_CXX_LANGUAGE_STANDARD = "gnu++14";
				CLANG_CXX_LIBRARY = "libc++";
				CLANG_ENABLE_MODULES = YES;
				CLANG_ENABLE_OBJC_ARC = YES;
				CLANG_ENABLE_OBJC_WEAK = YES;
				CLANG_WARN_BLOCK_CAPTURE_AUTORELEASING = YES;
				CLANG_WARN_BOOL_CONVERSION = YES;
				CLANG_WARN_COMMA = YES;
				CLANG_WARN_CONSTANT_CONVERSION = YES;
				CLANG_WARN_DEPRECATED_OBJC_IMPLEMENTATIONS = YES;
				CLANG_WARN_DIRECT_OBJC_ISA_USAGE = YES_ERROR;
				CLANG_WARN_DOCUMENTATION_COMMENTS = YES;
				CLANG_WARN_EMPTY_BODY = YES;
				CLANG_WARN_ENUM_CONVERSION = YES;
				CLANG_WARN_INFINITE_RECURSION = YES;
				CLANG_WARN_INT_CONVERSION = YES;
				CLANG_WARN_NON_LITERAL_NULL_CONVERSION = YES;
				CLANG_WARN_OBJC_IMPLICIT_RETAIN_SELF = YES;
				CLANG_WARN_OBJC_LITERAL_CONVERSION = YES;
				CLANG_WARN_OBJC_ROOT_CLASS = YES_ERROR;
				CLANG_WARN_RANGE_LOOP_ANALYSIS = YES;
				CLANG_WARN_STRICT_PROTOTYPES = YES;
				CLANG_WARN_SUSPICIOUS_MOVE = YES;
				CLANG_WARN_UNGUARDED_AVAILABILITY = YES_AGGRESSIVE;
				CLANG_WARN_UNREACHABLE_CODE = YES;
				CLANG_WARN__DUPLICATE_METHOD_MATCH = YES;
				CODE_SIGN_IDENTITY = "iPhone Developer";
				COPY_PHASE_STRIP = NO;
				DEBUG_INFORMATION_FORMAT = dwarf;
				ENABLE_STRICT_OBJC_MSGSEND = YES;
				ENABLE_TESTABILITY = YES;
				GCC_C_LANGUAGE_STANDARD = gnu11;
				GCC_DYNAMIC_NO_PIC = NO;
				GCC_NO_COMMON_BLOCKS = YES;
				GCC_OPTIMIZATION_LEVEL = 0;
				GCC_PREPROCESSOR_DEFINITIONS = (
					"DEBUG=1",
					"$(inherited)",
				);
				GCC_WARN_64_TO_32_BIT_CONVERSION = YES;
				GCC_WARN_ABOUT_RETURN_TYPE = YES_ERROR;
				GCC_WARN_UNDECLARED_SELECTOR = YES;
				GCC_WARN_UNINITIALIZED_AUTOS = YES_AGGRESSIVE;
				GCC_WARN_UNUSED_FUNCTION = YES;
				GCC_WARN_UNUSED_VARIABLE = YES;
				IPHONEOS_DEPLOYMENT_TARGET = 11.4;
				MTL_ENABLE_DEBUG_INFO = YES;
				ONLY_ACTIVE_ARCH = YES;
				SDKROOT = iphoneos;
				SWIFT_ACTIVE_COMPILATION_CONDITIONS = DEBUG;
				SWIFT_OPTIMIZATION_LEVEL = "-Onone";
			};
			name = Debug;
		};
		7E27802420E152D90071531C /* Release */ = {
			isa = XCBuildConfiguration;
			buildSettings = {
				ALWAYS_SEARCH_USER_PATHS = NO;
				CLANG_ANALYZER_NONNULL = YES;
				CLANG_ANALYZER_NUMBER_OBJECT_CONVERSION = YES_AGGRESSIVE;
				CLANG_CXX_LANGUAGE_STANDARD = "gnu++14";
				CLANG_CXX_LIBRARY = "libc++";
				CLANG_ENABLE_MODULES = YES;
				CLANG_ENABLE_OBJC_ARC = YES;
				CLANG_ENABLE_OBJC_WEAK = YES;
				CLANG_WARN_BLOCK_CAPTURE_AUTORELEASING = YES;
				CLANG_WARN_BOOL_CONVERSION = YES;
				CLANG_WARN_COMMA = YES;
				CLANG_WARN_CONSTANT_CONVERSION = YES;
				CLANG_WARN_DEPRECATED_OBJC_IMPLEMENTATIONS = YES;
				CLANG_WARN_DIRECT_OBJC_ISA_USAGE = YES_ERROR;
				CLANG_WARN_DOCUMENTATION_COMMENTS = YES;
				CLANG_WARN_EMPTY_BODY = YES;
				CLANG_WARN_ENUM_CONVERSION = YES;
				CLANG_WARN_INFINITE_RECURSION = YES;
				CLANG_WARN_INT_CONVERSION = YES;
				CLANG_WARN_NON_LITERAL_NULL_CONVERSION = YES;
				CLANG_WARN_OBJC_IMPLICIT_RETAIN_SELF = YES;
				CLANG_WARN_OBJC_LITERAL_CONVERSION = YES;
				CLANG_WARN_OBJC_ROOT_CLASS = YES_ERROR;
				CLANG_WARN_RANGE_LOOP_ANALYSIS = YES;
				CLANG_WARN_STRICT_PROTOTYPES = YES;
				CLANG_WARN_SUSPICIOUS_MOVE = YES;
				CLANG_WARN_UNGUARDED_AVAILABILITY = YES_AGGRESSIVE;
				CLANG_WARN_UNREACHABLE_CODE = YES;
				CLANG_WARN__DUPLICATE_METHOD_MATCH = YES;
				CODE_SIGN_IDENTITY = "iPhone Developer";
				COPY_PHASE_STRIP = NO;
				DEBUG_INFORMATION_FORMAT = "dwarf-with-dsym";
				ENABLE_NS_ASSERTIONS = NO;
				ENABLE_STRICT_OBJC_MSGSEND = YES;
				GCC_C_LANGUAGE_STANDARD = gnu11;
				GCC_NO_COMMON_BLOCKS = YES;
				GCC_WARN_64_TO_32_BIT_CONVERSION = YES;
				GCC_WARN_ABOUT_RETURN_TYPE = YES_ERROR;
				GCC_WARN_UNDECLARED_SELECTOR = YES;
				GCC_WARN_UNINITIALIZED_AUTOS = YES_AGGRESSIVE;
				GCC_WARN_UNUSED_FUNCTION = YES;
				GCC_WARN_UNUSED_VARIABLE = YES;
				IPHONEOS_DEPLOYMENT_TARGET = 11.4;
				MTL_ENABLE_DEBUG_INFO = NO;
				SDKROOT = iphoneos;
				SWIFT_COMPILATION_MODE = wholemodule;
				SWIFT_OPTIMIZATION_LEVEL = "-O";
				VALIDATE_PRODUCT = YES;
			};
			name = Release;
		};
		7E27802620E152D90071531C /* Debug */ = {
			isa = XCBuildConfiguration;
			buildSettings = {
				ASSETCATALOG_COMPILER_APPICON_NAME = AppIcon;
				CODE_SIGN_STYLE = Automatic;
				INFOPLIST_FILE = FizzBuzz/Info.plist;
				LD_RUNPATH_SEARCH_PATHS = (
					"$(inherited)",
					"@executable_path/Frameworks",
				);
				PRODUCT_BUNDLE_IDENTIFIER = "Muzzi-Aldean.FizzBuzz";
				PRODUCT_NAME = "$(TARGET_NAME)";
				SWIFT_VERSION = 4.0;
				TARGETED_DEVICE_FAMILY = "1,2";
			};
			name = Debug;
		};
		7E27802720E152D90071531C /* Release */ = {
			isa = XCBuildConfiguration;
			buildSettings = {
				ASSETCATALOG_COMPILER_APPICON_NAME = AppIcon;
				CODE_SIGN_STYLE = Automatic;
				INFOPLIST_FILE = FizzBuzz/Info.plist;
				LD_RUNPATH_SEARCH_PATHS = (
					"$(inherited)",
					"@executable_path/Frameworks",
				);
				PRODUCT_BUNDLE_IDENTIFIER = "Muzzi-Aldean.FizzBuzz";
				PRODUCT_NAME = "$(TARGET_NAME)";
				SWIFT_VERSION = 4.0;
				TARGETED_DEVICE_FAMILY = "1,2";
			};
			name = Release;
		};
		7E27802920E152D90071531C /* Debug */ = {
			isa = XCBuildConfiguration;
			buildSettings = {
				ALWAYS_EMBED_SWIFT_STANDARD_LIBRARIES = YES;
				BUNDLE_LOADER = "$(TEST_HOST)";
				CODE_SIGN_STYLE = Automatic;
				INFOPLIST_FILE = FizzBuzzTests/Info.plist;
				LD_RUNPATH_SEARCH_PATHS = (
					"$(inherited)",
					"@executable_path/Frameworks",
					"@loader_path/Frameworks",
				);
				PRODUCT_BUNDLE_IDENTIFIER = "Muzzi-Aldean.FizzBuzzTests";
				PRODUCT_NAME = "$(TARGET_NAME)";
				SWIFT_VERSION = 4.0;
				TARGETED_DEVICE_FAMILY = "1,2";
				TEST_HOST = "$(BUILT_PRODUCTS_DIR)/FizzBuzz.app/FizzBuzz";
			};
			name = Debug;
		};
		7E27802A20E152D90071531C /* Release */ = {
			isa = XCBuildConfiguration;
			buildSettings = {
				ALWAYS_EMBED_SWIFT_STANDARD_LIBRARIES = YES;
				BUNDLE_LOADER = "$(TEST_HOST)";
				CODE_SIGN_STYLE = Automatic;
				INFOPLIST_FILE = FizzBuzzTests/Info.plist;
				LD_RUNPATH_SEARCH_PATHS = (
					"$(inherited)",
					"@executable_path/Frameworks",
					"@loader_path/Frameworks",
				);
				PRODUCT_BUNDLE_IDENTIFIER = "Muzzi-Aldean.FizzBuzzTests";
				PRODUCT_NAME = "$(TARGET_NAME)";
				SWIFT_VERSION = 4.0;
				TARGETED_DEVICE_FAMILY = "1,2";
				TEST_HOST = "$(BUILT_PRODUCTS_DIR)/FizzBuzz.app/FizzBuzz";
			};
			name = Release;
		};
		7E27802C20E152D90071531C /* Debug */ = {
			isa = XCBuildConfiguration;
			buildSettings = {
				ALWAYS_EMBED_SWIFT_STANDARD_LIBRARIES = YES;
				CODE_SIGN_STYLE = Automatic;
				INFOPLIST_FILE = FizzBuzzUITests/Info.plist;
				LD_RUNPATH_SEARCH_PATHS = (
					"$(inherited)",
					"@executable_path/Frameworks",
					"@loader_path/Frameworks",
				);
				PRODUCT_BUNDLE_IDENTIFIER = "Muzzi-Aldean.FizzBuzzUITests";
				PRODUCT_NAME = "$(TARGET_NAME)";
				SWIFT_VERSION = 4.0;
				TARGETED_DEVICE_FAMILY = "1,2";
				TEST_TARGET_NAME = FizzBuzz;
			};
			name = Debug;
		};
		7E27802D20E152D90071531C /* Release */ = {
			isa = XCBuildConfiguration;
			buildSettings = {
				ALWAYS_EMBED_SWIFT_STANDARD_LIBRARIES = YES;
				CODE_SIGN_STYLE = Automatic;
				INFOPLIST_FILE = FizzBuzzUITests/Info.plist;
				LD_RUNPATH_SEARCH_PATHS = (
					"$(inherited)",
					"@executable_path/Frameworks",
					"@loader_path/Frameworks",
				);
				PRODUCT_BUNDLE_IDENTIFIER = "Muzzi-Aldean.FizzBuzzUITests";
				PRODUCT_NAME = "$(TARGET_NAME)";
				SWIFT_VERSION = 4.0;
				TARGETED_DEVICE_FAMILY = "1,2";
				TEST_TARGET_NAME = FizzBuzz;
			};
			name = Release;
		};
/* End XCBuildConfiguration section */

/* Begin XCConfigurationList section */
		7E277FF820E152D70071531C /* Build configuration list for PBXProject "FizzBuzz" */ = {
			isa = XCConfigurationList;
			buildConfigurations = (
				7E27802320E152D90071531C /* Debug */,
				7E27802420E152D90071531C /* Release */,
			);
			defaultConfigurationIsVisible = 0;
			defaultConfigurationName = Release;
		};
		7E27802520E152D90071531C /* Build configuration list for PBXNativeTarget "FizzBuzz" */ = {
			isa = XCConfigurationList;
			buildConfigurations = (
				7E27802620E152D90071531C /* Debug */,
				7E27802720E152D90071531C /* Release */,
			);
			defaultConfigurationIsVisible = 0;
			defaultConfigurationName = Release;
		};
		7E27802820E152D90071531C /* Build configuration list for PBXNativeTarget "FizzBuzzTests" */ = {
			isa = XCConfigurationList;
			buildConfigurations = (
				7E27802920E152D90071531C /* Debug */,
				7E27802A20E152D90071531C /* Release */,
			);
			defaultConfigurationIsVisible = 0;
			defaultConfigurationName = Release;
		};
		7E27802B20E152D90071531C /* Build configuration list for PBXNativeTarget "FizzBuzzUITests" */ = {
			isa = XCConfigurationList;
			buildConfigurations = (
				7E27802C20E152D90071531C /* Debug */,
				7E27802D20E152D90071531C /* Release */,
			);
			defaultConfigurationIsVisible = 0;
			defaultConfigurationName = Release;
		};
/* End XCConfigurationList section */
	};
	rootObject = 7E277FF520E152D70071531C /* Project object */;
}
